
Microsoft Visual Studio Solution File, Format Version 12.00
# Visual Studio 15
VisualStudioVersion = 15.0.28307.421
MinimumVisualStudioVersion = 10.0.40219.1
Project("{FAE04EC0-301F-11D3-BF4B-00C04F79EFBC}") = "InteractiveUsers", "InteractiveUsers\InteractiveUsers.csproj", "{4C23A550-6A13-43AD-9329-2FD6004DCE26}"
EndProject
Project("{FAE04EC0-301F-11D3-BF4B-00C04F79EFBC}") = "Shapeclasses", "Shapeclasses\Shapeclasses.csproj", "{93738788-1684-4416-9A8C-01E018CCAB17}"
EndProject
Global
	GlobalSection(SolutionConfigurationPlatforms) = preSolution
		Debug|Any CPU = Debug|Any CPU
		Release|Any CPU = Release|Any CPU
	EndGlobalSection
	GlobalSection(ProjectConfigurationPlatforms) = postSolution
		{4C23A550-6A13-43AD-9329-2FD6004DCE26}.Debug|Any CPU.ActiveCfg = Debug|Any CPU
		{4C23A550-6A13-43AD-9329-2FD6004DCE26}.Debug|Any CPU.Build.0 = Debug|Any CPU
		{4C23A550-6A13-43AD-9329-2FD6004DCE26}.Release|Any CPU.ActiveCfg = Release|Any CPU
		{4C23A550-6A13-43AD-9329-2FD6004DCE26}.Release|Any CPU.Build.0 = Release|Any CPU
		{93738788-1684-4416-9A8C-01E018CCAB17}.Debug|Any CPU.ActiveCfg = Debug|Any CPU
		{93738788-1684-4416-9A8C-01E018CCAB17}.Debug|Any CPU.Build.0 = Debug|Any CPU
		{93738788-1684-4416-9A8C-01E018CCAB17}.Release|Any CPU.ActiveCfg = Release|Any CPU
		{93738788-1684-4416-9A8C-01E018CCAB17}.Release|Any CPU.Build.0 = Release|Any CPU
	EndGlobalSection
	GlobalSection(SolutionProperties) = preSolution
		HideSolutionNode = FALSE
	EndGlobalSection
	GlobalSection(ExtensibilityGlobals) = postSolution
		SolutionGuid = {7724430E-E54A-4081-8EA5-0BFEF54AAE5F}
	EndGlobalSection
EndGlobal
